<?xml version="1.0" encoding="utf-8"?>
<Project ToolsVersion="4.0" xmlns="http://schemas.microsoft.com/developer/msbuild/2003">
  <ItemGroup>
    <Filter Include="Header Files">
      <UniqueIdentifier>{93995380-89BD-4b04-88EB-625FBE52EBFB}</UniqueIdentifier>
      <Extensions>h;hh;hpp;hxx;h++;hm;inl;inc;ipp;xsd</Extensions>
    </Filter>
  </ItemGroup>
  <ItemGroup>
    <ClCompile Include="src\ClassLoader\ClassLoader.h" />
    <ClCompile Include="src\dllmain.cpp" />
    <ClCompile Include="src\ClassLoader\ClassLoader.cpp" />
    <ClCompile Include="src\Mappings\Mapping.cpp" />
    <ClCompile Include="src\McDetector\MinecraftDetector.cpp" />
  </ItemGroup>
  <ItemGroup>
    <ClInclude Include="src\Mappings\Mapping.h">
      <Filter>Header Files</Filter>
    </ClInclude>
    <ClInclude Include="src\Mappings\Fabric\Fabric1215.h">
      <Filter>Header Files</Filter>
    </ClInclude>
    <ClInclude Include="src\Mappings\Vanilla\Vanilla1215.h">
      <Filter>Header Files</Filter>
    </ClInclude>
    <ClInclude Include="src\McDetector\MinecraftDetector.h">
      <Filter>Header Files</Filter>
    </ClInclude>
  </ItemGroup>
</Project>